
Microsoft Visual Studio Solution File, Format Version 12.00
# Visual Studio Version 17
VisualStudioVersion = 17.8.34330.188
MinimumVisualStudioVersion = 10.0.40219.1
Project("{FAE04EC0-301F-11D3-BF4B-00C04F79EFBC}") = "wage-calculator", "wage-calculator.csproj", "{6CF6E18B-6AAF-41A6-954B-67E393AEDEE8}"
EndProject
Global
	GlobalSection(SolutionConfigurationPlatforms) = preSolution
		Debug|Any CPU = Debug|Any CPU
		Release|Any CPU = Release|Any CPU
	EndGlobalSection
	GlobalSection(ProjectConfigurationPlatforms) = postSolution
		{6CF6E18B-6AAF-41A6-954B-67E393AEDEE8}.Debug|Any CPU.ActiveCfg = Debug|Any CPU
		{6CF6E18B-6AAF-41A6-954B-67E393AEDEE8}.Debug|Any CPU.Build.0 = Debug|Any CPU
		{6CF6E18B-6AAF-41A6-954B-67E393AEDEE8}.Release|Any CPU.ActiveCfg = Release|Any CPU
		{6CF6E18B-6AAF-41A6-954B-67E393AEDEE8}.Release|Any CPU.Build.0 = Release|Any CPU
	EndGlobalSection
	GlobalSection(SolutionProperties) = preSolution
		HideSolutionNode = FALSE
	EndGlobalSection
	GlobalSection(ExtensibilityGlobals) = postSolution
		SolutionGuid = {750B2DDC-8F76-4565-9945-0D7FEA9F12C8}
	EndGlobalSection
EndGlobal
